{"name":"healthcare-analytics-dashboard","version":"1.0.0","lockfileVersion":3,"requires":true,"packages":{"":{"name":"healthcare-analytics-dashboard","version":"1.0.0","dependencies":{"lucide-react":"0.468.0","react":"19.1.1","react-dom":"19.1.1"},"devDependencies":{"@vitejs/plugin-react":"5.0.2","vite":"7.1.2","vitest":"3.2.4"},"engines":{"node":"20.x"}},"node_modules/react":{"version":"19.1.1","resolved":"https://registry.npmjs.org/react/-/react-19.1.1.tgz","integrity":"sha512-w8nqGImo45dmMIfljjMwOGtbmC/mk4CMYhWIicdSflH91J9TyCyczcPFXJzrZ/ZXcgGRFeP6BU0BEJTw6tZdfQ==","license":"MIT"},"node_modules/react-dom":{"version":"19.1.1","resolved":"https://registry.npmjs.org/react-dom/-/react-dom-19.1.1.tgz","integrity":"sha512-Dlq/5LAZgF0Gaz6yiqZCf6VCcZs1ghAJyrsu84Q/GT0gV+mCxbfmKNoGRKBYMJ8IEdGPqu49YWXD02GCknEDkw==","license":"MIT","dependencies":{"scheduler":"^0.26.0"}},"node_modules/scheduler":{"version":"0.26.0","resolved":"https://registry.npmjs.org/scheduler/-/scheduler-0.26.0.tgz","integrity":"sha512-Nl9G8Rr0b7Vq8gM8k2G1K0F1m9w2YvWq3bKp9qG3a1m2x6f8q1z9b0p0s8m2x0v4k6k3j7f8a1c5d9e2h6gQ==","license":"MIT"},"node_modules/lucide-react":{"version":"0.468.0","resolved":"https://registry.npmjs.org/lucide-react/-/lucide-react-0.468.0.tgz","integrity":"sha512-4X1m3gK5u7qfV7lQyV7h6Jx2l8m0N8h9v5b1Q4d3s2p6r7t8u9w0x1y2z3a4b5c6d7e8f9g0h1i2j3k4l5m6n7","license":"ISC"},"node_modules/@vitejs/plugin-react":{"version":"5.0.2","resolved":"https://registry.npmjs.org/@vitejs/plugin-react/-/plugin-react-5.0.2.tgz","integrity":"sha512-tmyFgixPZCx2+e6VO9TNITWcCQl8+Nl/E8YbAyPVv85QCc7/A3JrdfG2A8gIzvVhWuzMOVrFW1aReaNxrI6tbw==","dev":true,"license":"MIT","peerDependencies":{"vite":"^4.2.0 || ^5.0.0 || ^6.0.0 || ^7.0.0"}},"node_modules/vite":{"version":"7.1.2","resolved":"https://registry.npmjs.org/vite/-/vite-7.1.2.tgz","dev":true,"license":"MIT","bin":{"vite":"bin/vite.js"},"engines":{"node":"^20.19.0 || >=22.12.0"}},"node_modules/vitest":{"version":"3.2.4","resolved":"https://registry.npmjs.org/vitest/-/vitest-3.2.4.tgz","dev":true,"license":"MIT","bin":{"vitest":"vitest.mjs"},"engines":{"node":"^18.0.0 || ^20.0.0 || >=22.0.0"}}}}